
Microsoft Visual Studio Solution File, Format Version 12.00
# Visual Studio 15
VisualStudioVersion = 15.0.28307.136
MinimumVisualStudioVersion = 10.0.40219.1
Project("{FAE04EC0-301F-11D3-BF4B-00C04F79EFBC}") = "xunitkata", "xunitkata.csproj", "{565C4417-40B6-4F23-AA71-E384336AD265}"
EndProject
Global
	GlobalSection(SolutionConfigurationPlatforms) = preSolution
		Debug|Any CPU = Debug|Any CPU
		Release|Any CPU = Release|Any CPU
	EndGlobalSection
	GlobalSection(ProjectConfigurationPlatforms) = postSolution
		{565C4417-40B6-4F23-AA71-E384336AD265}.Debug|Any CPU.ActiveCfg = Debug|Any CPU
		{565C4417-40B6-4F23-AA71-E384336AD265}.Debug|Any CPU.Build.0 = Debug|Any CPU
		{565C4417-40B6-4F23-AA71-E384336AD265}.Release|Any CPU.ActiveCfg = Release|Any CPU
		{565C4417-40B6-4F23-AA71-E384336AD265}.Release|Any CPU.Build.0 = Release|Any CPU
	EndGlobalSection
	GlobalSection(SolutionProperties) = preSolution
		HideSolutionNode = FALSE
	EndGlobalSection
	GlobalSection(ExtensibilityGlobals) = postSolution
		SolutionGuid = {759C029E-4CFC-4F96-B50A-94B3BE8A403A}
	EndGlobalSection
EndGlobal
